
Microsoft Visual Studio Solution File, Format Version 12.00
# Visual Studio Version 17
VisualStudioVersion = 17.14.36518.9
MinimumVisualStudioVersion = 10.0.40219.1
Project("{2150E333-8FDC-42A3-9474-1A3956D46DE8}") = "Task0", "Task0", "{02EA681E-C7D8-13C7-8484-4AC65E1B71E8}"
EndProject
Project("{FAE04EC0-301F-11D3-BF4B-00C04F79EFBC}") = "Tyuiu.TumashenkinYA.Sprint6.Task0.V15.Lib", "Tyuiu.TumashenkinYA.Sprint6.Task0.V15.Lib\Tyuiu.TumashenkinYA.Sprint6.Task0.V15.Lib.csproj", "{CB071B91-6FF1-44C0-A91F-360D999D228E}"
EndProject
Project("{FAE04EC0-301F-11D3-BF4B-00C04F79EFBC}") = "Tyuiu.TumashenkinYA.Sprint6.Task0.V15.Test", "Tyuiu.TumashenkinYA.Sprint6.Task0.V15.Test\Tyuiu.TumashenkinYA.Sprint6.Task0.V15.Test.csproj", "{281147C4-64EE-4788-8FCF-F4165A3FC542}"
EndProject
Project("{FAE04EC0-301F-11D3-BF4B-00C04F79EFBC}") = "Tyuiu.TumashenkinYA.Sprint6.Task0.V15", "Tyuiu.TumashenkinYA.Sprint6.Task0.V15\Tyuiu.TumashenkinYA.Sprint6.Task0.V15.csproj", "{BE497C17-4F57-4D81-ADB0-5410F07562E4}"
EndProject
Project("{2150E333-8FDC-42A3-9474-1A3956D46DE8}") = "Task1", "Task1", "{A3778DEC-17F9-4E06-8040-662A8A99FE6B}"
EndProject
Project("{FAE04EC0-301F-11D3-BF4B-00C04F79EFBC}") = "Tyuiu.TumashenkinYA.Sprint6.Task1.V17.Lib", "Tyuiu.TumashenkinYA.Sprint6.Task1.V17.Lib\Tyuiu.TumashenkinYA.Sprint6.Task1.V17.Lib.csproj", "{CEFBE5F5-F841-4066-870D-F7318B244B34}"
EndProject
Project("{FAE04EC0-301F-11D3-BF4B-00C04F79EFBC}") = "Tyuiu.TumashenkinYA.Sprint6.Task1.V17.Test", "Tyuiu.TumashenkinYA.Sprint6.Task1.V17.Test\Tyuiu.TumashenkinYA.Sprint6.Task1.V17.Test.csproj", "{C51C16D4-29A5-43B1-8135-55FA6FD4ED04}"
EndProject
Project("{FAE04EC0-301F-11D3-BF4B-00C04F79EFBC}") = "Tyuiu.TumashenkinYA.Sprint6.Task1.V17", "Tyuiu.TumashenkinYA.Sprint6.Task1.V17\Tyuiu.TumashenkinYA.Sprint6.Task1.V17.csproj", "{D718F2AE-3038-4418-BB22-9CC695967558}"
EndProject
Project("{2150E333-8FDC-42A3-9474-1A3956D46DE8}") = "Task2", "Task2", "{0A6BA21A-75CE-4DD7-B843-FFA983CEDF07}"
EndProject
Project("{FAE04EC0-301F-11D3-BF4B-00C04F79EFBC}") = "Tyuiu.TumashenkinYA.Sprint6.Task2.V29.Lib", "Tyuiu.TumashenkinYA.Sprint6.Task2.V29.Lib\Tyuiu.TumashenkinYA.Sprint6.Task2.V29.Lib.csproj", "{36468BFC-9FEF-40A3-BBD1-C63E2D50B2BB}"
EndProject
Project("{FAE04EC0-301F-11D3-BF4B-00C04F79EFBC}") = "Tyuiu.TumashenkinYA.Sprint6.Task2.V29.Test", "Tyuiu.TumashenkinYA.Sprint6.Task2.V29.Test\Tyuiu.TumashenkinYA.Sprint6.Task2.V29.Test.csproj", "{B7490AD1-D768-4057-A0C5-566BBB78E164}"
EndProject
Project("{FAE04EC0-301F-11D3-BF4B-00C04F79EFBC}") = "Tyuiu.TumashenkinYA.Sprint6.Task2.V29", "Tyuiu.TumashenkinYA.Sprint6.Task2.V29\Tyuiu.TumashenkinYA.Sprint6.Task2.V29.csproj", "{567D48E2-BE8C-47F3-AE7E-1C05A7309AC0}"
EndProject
Project("{2150E333-8FDC-42A3-9474-1A3956D46DE8}") = "Task3", "Task3", "{784ACAEE-E492-4042-B521-A9AB4A3089C9}"
EndProject
Project("{FAE04EC0-301F-11D3-BF4B-00C04F79EFBC}") = "Tyuiu.TumashenkinYA.Sprint6.Task3.V9.Lib", "Tyuiu.TumashenkinYA.Sprint6.Task3.V9.Lib\Tyuiu.TumashenkinYA.Sprint6.Task3.V9.Lib.csproj", "{50D01A79-44B5-4E78-9EE4-615A48311BDD}"
EndProject
Project("{FAE04EC0-301F-11D3-BF4B-00C04F79EFBC}") = "Tyuiu.TumashenkinYA.Sprint6.Task3.V9", "Tyuiu.TumashenkinYA.Sprint6.Task3.V9\Tyuiu.TumashenkinYA.Sprint6.Task3.V9.csproj", "{C11BD5CD-E823-47AE-9EF8-CF7068E92D91}"
EndProject
Project("{FAE04EC0-301F-11D3-BF4B-00C04F79EFBC}") = "Tyuiu.TumashenkinYA.Sprint6.Task3.V9.Test", "Tyuiu.TumashenkinYA.Sprint6.Task3.V9.Test\Tyuiu.TumashenkinYA.Sprint6.Task3.V9.Test.csproj", "{794C3FBF-2E81-476E-BC2B-66FA11DF8283}"
EndProject
Project("{2150E333-8FDC-42A3-9474-1A3956D46DE8}") = "Task4", "Task4", "{1DF5D750-3722-4E34-8D8E-67DD6562BAD7}"
EndProject
Project("{FAE04EC0-301F-11D3-BF4B-00C04F79EFBC}") = "Tyuiu.TumashenkinYA.Sprint6.Task4.V21.Lib", "Tyuiu.TumashenkinYA.Sprint6.Task4.V21.Lib\Tyuiu.TumashenkinYA.Sprint6.Task4.V21.Lib.csproj", "{D318FA40-FF6D-468F-A202-C76B08E56EA8}"
EndProject
Project("{FAE04EC0-301F-11D3-BF4B-00C04F79EFBC}") = "Tyuiu.TumashenkinYA.Sprint6.Task4.V21.Test", "Tyuiu.TumashenkinYA.Sprint6.Task4.V21.Test\Tyuiu.TumashenkinYA.Sprint6.Task4.V21.Test.csproj", "{26D05985-EAA9-48DF-95D4-2A6033FCF9D3}"
EndProject
Project("{FAE04EC0-301F-11D3-BF4B-00C04F79EFBC}") = "Tyuiu.TumashenkinYA.Sprint6.Task4.V21", "Tyuiu.TumashenkinYA.Sprint6.Task4.V21\Tyuiu.TumashenkinYA.Sprint6.Task4.V21.csproj", "{26D893CC-3239-4DBA-81EA-0B9E85ADEA81}"
EndProject
Project("{2150E333-8FDC-42A3-9474-1A3956D46DE8}") = "Task5", "Task5", "{EF5CCE46-7910-4B46-9117-237FF6D2AE61}"
EndProject
Project("{FAE04EC0-301F-11D3-BF4B-00C04F79EFBC}") = "Tyuiu.TumashenkinYA.Sprint6.Task5.V2.Lib", "Tyuiu.TumashenkinYA.Sprint6.Task5.V2.Lib\Tyuiu.TumashenkinYA.Sprint6.Task5.V2.Lib.csproj", "{D7EEB867-4949-4F00-810F-C44A50703956}"
EndProject
Project("{FAE04EC0-301F-11D3-BF4B-00C04F79EFBC}") = "Tyuiu.TumashenkinYA.Sprint6.Task5.V2.Test", "Tyuiu.TumashenkinYA.Sprint6.Task5.V2.Test\Tyuiu.TumashenkinYA.Sprint6.Task5.V2.Test.csproj", "{FC629734-A328-49BB-86C7-DDFC99F14301}"
EndProject
Project("{FAE04EC0-301F-11D3-BF4B-00C04F79EFBC}") = "Tyuiu.TumashenkinYA.Sprint6.Task5.V2", "Tyuiu.TumashenkinYA.Sprint6.Task5.V2\Tyuiu.TumashenkinYA.Sprint6.Task5.V2.csproj", "{C17A915E-D982-451B-A845-E41541C36F86}"
EndProject
Project("{2150E333-8FDC-42A3-9474-1A3956D46DE8}") = "Task6", "Task6", "{36B29B64-FA96-4503-896B-908450B26E58}"
EndProject
Project("{FAE04EC0-301F-11D3-BF4B-00C04F79EFBC}") = "Tyuiu.TumashenkinYA.Sprint6.Task6.V7.Test", "Tyuiu.TumashenkinYA.Sprint6.Task6.V7.Test\Tyuiu.TumashenkinYA.Sprint6.Task6.V7.Test.csproj", "{0D0972CC-141F-4FB5-ACA9-70BFFBB9E44C}"
EndProject
Project("{FAE04EC0-301F-11D3-BF4B-00C04F79EFBC}") = "Tyuiu.TumashenkinYA.Sprint6.Task6.V7.Lib", "Tyuiu.TumashenkinYA.Sprint6.Task6.V7.Lib\Tyuiu.TumashenkinYA.Sprint6.Task6.V7.Lib.csproj", "{8C05A499-5A8F-4F0C-B9CD-1609B64E0B63}"
EndProject
Project("{FAE04EC0-301F-11D3-BF4B-00C04F79EFBC}") = "Tyuiu.TumashenkinYA.Sprint6.Task6.V7", "Tyuiu.TumashenkinYA.Sprint6.Task6.V7\Tyuiu.TumashenkinYA.Sprint6.Task6.V7.csproj", "{260E1321-B723-4BF4-B1F2-8411F8E4B879}"
EndProject
Project("{2150E333-8FDC-42A3-9474-1A3956D46DE8}") = "Task7", "Task7", "{AFE82347-85DF-4B5A-BF58-AC73F64EC115}"
EndProject
Project("{FAE04EC0-301F-11D3-BF4B-00C04F79EFBC}") = "Tyuiu.TumashenkinYA.Sprint6.Task7.V28.Lib", "Tyuiu.TumashenkinYA.Sprint6.Task7.V28.Lib\Tyuiu.TumashenkinYA.Sprint6.Task7.V28.Lib.csproj", "{4204190C-B1A7-4AB6-9892-54624389598A}"
EndProject
Project("{FAE04EC0-301F-11D3-BF4B-00C04F79EFBC}") = "Tyuiu.TumashenkinYA.Sprint6.Task7.V28.Test", "Tyuiu.TumashenkinYA.Sprint6.Task7.V28.Test\Tyuiu.TumashenkinYA.Sprint6.Task7.V28.Test.csproj", "{701906FC-561D-4F03-A999-54C0CBC12928}"
EndProject
Project("{FAE04EC0-301F-11D3-BF4B-00C04F79EFBC}") = "Tyuiu.TumashenkinYA.Sprint6.Task7.V28", "Tyuiu.TumashenkinYA.Sprint6.Task7.V28\Tyuiu.TumashenkinYA.Sprint6.Task7.V28.csproj", "{45F8382B-D067-495F-8203-472861CED532}"
EndProject
Global
	GlobalSection(SolutionConfigurationPlatforms) = preSolution
		Debug|Any CPU = Debug|Any CPU
		Release|Any CPU = Release|Any CPU
	EndGlobalSection
	GlobalSection(ProjectConfigurationPlatforms) = postSolution
		{CB071B91-6FF1-44C0-A91F-360D999D228E}.Debug|Any CPU.ActiveCfg = Debug|Any CPU
		{CB071B91-6FF1-44C0-A91F-360D999D228E}.Debug|Any CPU.Build.0 = Debug|Any CPU
		{CB071B91-6FF1-44C0-A91F-360D999D228E}.Release|Any CPU.ActiveCfg = Release|Any CPU
		{CB071B91-6FF1-44C0-A91F-360D999D228E}.Release|Any CPU.Build.0 = Release|Any CPU
		{281147C4-64EE-4788-8FCF-F4165A3FC542}.Debug|Any CPU.ActiveCfg = Debug|Any CPU
		{281147C4-64EE-4788-8FCF-F4165A3FC542}.Debug|Any CPU.Build.0 = Debug|Any CPU
		{281147C4-64EE-4788-8FCF-F4165A3FC542}.Release|Any CPU.ActiveCfg = Release|Any CPU
		{281147C4-64EE-4788-8FCF-F4165A3FC542}.Release|Any CPU.Build.0 = Release|Any CPU
		{BE497C17-4F57-4D81-ADB0-5410F07562E4}.Debug|Any CPU.ActiveCfg = Debug|Any CPU
		{BE497C17-4F57-4D81-ADB0-5410F07562E4}.Debug|Any CPU.Build.0 = Debug|Any CPU
		{BE497C17-4F57-4D81-ADB0-5410F07562E4}.Release|Any CPU.ActiveCfg = Release|Any CPU
		{BE497C17-4F57-4D81-ADB0-5410F07562E4}.Release|Any CPU.Build.0 = Release|Any CPU
		{CEFBE5F5-F841-4066-870D-F7318B244B34}.Debug|Any CPU.ActiveCfg = Debug|Any CPU
		{CEFBE5F5-F841-4066-870D-F7318B244B34}.Debug|Any CPU.Build.0 = Debug|Any CPU
		{CEFBE5F5-F841-4066-870D-F7318B244B34}.Release|Any CPU.ActiveCfg = Release|Any CPU
		{CEFBE5F5-F841-4066-870D-F7318B244B34}.Release|Any CPU.Build.0 = Release|Any CPU
		{C51C16D4-29A5-43B1-8135-55FA6FD4ED04}.Debug|Any CPU.ActiveCfg = Debug|Any CPU
		{C51C16D4-29A5-43B1-8135-55FA6FD4ED04}.Debug|Any CPU.Build.0 = Debug|Any CPU
		{C51C16D4-29A5-43B1-8135-55FA6FD4ED04}.Release|Any CPU.ActiveCfg = Release|Any CPU
		{C51C16D4-29A5-43B1-8135-55FA6FD4ED04}.Release|Any CPU.Build.0 = Release|Any CPU
		{D718F2AE-3038-4418-BB22-9CC695967558}.Debug|Any CPU.ActiveCfg = Debug|Any CPU
		{D718F2AE-3038-4418-BB22-9CC695967558}.Debug|Any CPU.Build.0 = Debug|Any CPU
		{D718F2AE-3038-4418-BB22-9CC695967558}.Release|Any CPU.ActiveCfg = Release|Any CPU
		{D718F2AE-3038-4418-BB22-9CC695967558}.Release|Any CPU.Build.0 = Release|Any CPU
		{36468BFC-9FEF-40A3-BBD1-C63E2D50B2BB}.Debug|Any CPU.ActiveCfg = Debug|Any CPU
		{36468BFC-9FEF-40A3-BBD1-C63E2D50B2BB}.Debug|Any CPU.Build.0 = Debug|Any CPU
		{36468BFC-9FEF-40A3-BBD1-C63E2D50B2BB}.Release|Any CPU.ActiveCfg = Release|Any CPU
		{36468BFC-9FEF-40A3-BBD1-C63E2D50B2BB}.Release|Any CPU.Build.0 = Release|Any CPU
		{B7490AD1-D768-4057-A0C5-566BBB78E164}.Debug|Any CPU.ActiveCfg = Debug|Any CPU
		{B7490AD1-D768-4057-A0C5-566BBB78E164}.Debug|Any CPU.Build.0 = Debug|Any CPU
		{B7490AD1-D768-4057-A0C5-566BBB78E164}.Release|Any CPU.ActiveCfg = Release|Any CPU
		{B7490AD1-D768-4057-A0C5-566BBB78E164}.Release|Any CPU.Build.0 = Release|Any CPU
		{567D48E2-BE8C-47F3-AE7E-1C05A7309AC0}.Debug|Any CPU.ActiveCfg = Debug|Any CPU
		{567D48E2-BE8C-47F3-AE7E-1C05A7309AC0}.Debug|Any CPU.Build.0 = Debug|Any CPU
		{567D48E2-BE8C-47F3-AE7E-1C05A7309AC0}.Release|Any CPU.ActiveCfg = Release|Any CPU
		{567D48E2-BE8C-47F3-AE7E-1C05A7309AC0}.Release|Any CPU.Build.0 = Release|Any CPU
		{50D01A79-44B5-4E78-9EE4-615A48311BDD}.Debug|Any CPU.ActiveCfg = Debug|Any CPU
		{50D01A79-44B5-4E78-9EE4-615A48311BDD}.Debug|Any CPU.Build.0 = Debug|Any CPU
		{50D01A79-44B5-4E78-9EE4-615A48311BDD}.Release|Any CPU.ActiveCfg = Release|Any CPU
		{50D01A79-44B5-4E78-9EE4-615A48311BDD}.Release|Any CPU.Build.0 = Release|Any CPU
		{C11BD5CD-E823-47AE-9EF8-CF7068E92D91}.Debug|Any CPU.ActiveCfg = Debug|Any CPU
		{C11BD5CD-E823-47AE-9EF8-CF7068E92D91}.Debug|Any CPU.Build.0 = Debug|Any CPU
		{C11BD5CD-E823-47AE-9EF8-CF7068E92D91}.Release|Any CPU.ActiveCfg = Release|Any CPU
		{C11BD5CD-E823-47AE-9EF8-CF7068E92D91}.Release|Any CPU.Build.0 = Release|Any CPU
		{794C3FBF-2E81-476E-BC2B-66FA11DF8283}.Debug|Any CPU.ActiveCfg = Debug|Any CPU
		{794C3FBF-2E81-476E-BC2B-66FA11DF8283}.Debug|Any CPU.Build.0 = Debug|Any CPU
		{794C3FBF-2E81-476E-BC2B-66FA11DF8283}.Release|Any CPU.ActiveCfg = Release|Any CPU
		{794C3FBF-2E81-476E-BC2B-66FA11DF8283}.Release|Any CPU.Build.0 = Release|Any CPU
		{D318FA40-FF6D-468F-A202-C76B08E56EA8}.Debug|Any CPU.ActiveCfg = Debug|Any CPU
		{D318FA40-FF6D-468F-A202-C76B08E56EA8}.Debug|Any CPU.Build.0 = Debug|Any CPU
		{D318FA40-FF6D-468F-A202-C76B08E56EA8}.Release|Any CPU.ActiveCfg = Release|Any CPU
		{D318FA40-FF6D-468F-A202-C76B08E56EA8}.Release|Any CPU.Build.0 = Release|Any CPU
		{26D05985-EAA9-48DF-95D4-2A6033FCF9D3}.Debug|Any CPU.ActiveCfg = Debug|Any CPU
		{26D05985-EAA9-48DF-95D4-2A6033FCF9D3}.Debug|Any CPU.Build.0 = Debug|Any CPU
		{26D05985-EAA9-48DF-95D4-2A6033FCF9D3}.Release|Any CPU.ActiveCfg = Release|Any CPU
		{26D05985-EAA9-48DF-95D4-2A6033FCF9D3}.Release|Any CPU.Build.0 = Release|Any CPU
		{26D893CC-3239-4DBA-81EA-0B9E85ADEA81}.Debug|Any CPU.ActiveCfg = Debug|Any CPU
		{26D893CC-3239-4DBA-81EA-0B9E85ADEA81}.Debug|Any CPU.Build.0 = Debug|Any CPU
		{26D893CC-3239-4DBA-81EA-0B9E85ADEA81}.Release|Any CPU.ActiveCfg = Release|Any CPU
		{26D893CC-3239-4DBA-81EA-0B9E85ADEA81}.Release|Any CPU.Build.0 = Release|Any CPU
		{D7EEB867-4949-4F00-810F-C44A50703956}.Debug|Any CPU.ActiveCfg = Debug|Any CPU
		{D7EEB867-4949-4F00-810F-C44A50703956}.Debug|Any CPU.Build.0 = Debug|Any CPU
		{D7EEB867-4949-4F00-810F-C44A50703956}.Release|Any CPU.ActiveCfg = Release|Any CPU
		{D7EEB867-4949-4F00-810F-C44A50703956}.Release|Any CPU.Build.0 = Release|Any CPU
		{FC629734-A328-49BB-86C7-DDFC99F14301}.Debug|Any CPU.ActiveCfg = Debug|Any CPU
		{FC629734-A328-49BB-86C7-DDFC99F14301}.Debug|Any CPU.Build.0 = Debug|Any CPU
		{FC629734-A328-49BB-86C7-DDFC99F14301}.Release|Any CPU.ActiveCfg = Release|Any CPU
		{FC629734-A328-49BB-86C7-DDFC99F14301}.Release|Any CPU.Build.0 = Release|Any CPU
		{C17A915E-D982-451B-A845-E41541C36F86}.Debug|Any CPU.ActiveCfg = Debug|Any CPU
		{C17A915E-D982-451B-A845-E41541C36F86}.Debug|Any CPU.Build.0 = Debug|Any CPU
		{C17A915E-D982-451B-A845-E41541C36F86}.Release|Any CPU.ActiveCfg = Release|Any CPU
		{C17A915E-D982-451B-A845-E41541C36F86}.Release|Any CPU.Build.0 = Release|Any CPU
		{0D0972CC-141F-4FB5-ACA9-70BFFBB9E44C}.Debug|Any CPU.ActiveCfg = Debug|Any CPU
		{0D0972CC-141F-4FB5-ACA9-70BFFBB9E44C}.Debug|Any CPU.Build.0 = Debug|Any CPU
		{0D0972CC-141F-4FB5-ACA9-70BFFBB9E44C}.Release|Any CPU.ActiveCfg = Release|Any CPU
		{0D0972CC-141F-4FB5-ACA9-70BFFBB9E44C}.Release|Any CPU.Build.0 = Release|Any CPU
		{8C05A499-5A8F-4F0C-B9CD-1609B64E0B63}.Debug|Any CPU.ActiveCfg = Debug|Any CPU
		{8C05A499-5A8F-4F0C-B9CD-1609B64E0B63}.Debug|Any CPU.Build.0 = Debug|Any CPU
		{8C05A499-5A8F-4F0C-B9CD-1609B64E0B63}.Release|Any CPU.ActiveCfg = Release|Any CPU
		{8C05A499-5A8F-4F0C-B9CD-1609B64E0B63}.Release|Any CPU.Build.0 = Release|Any CPU
		{260E1321-B723-4BF4-B1F2-8411F8E4B879}.Debug|Any CPU.ActiveCfg = Debug|Any CPU
		{260E1321-B723-4BF4-B1F2-8411F8E4B879}.Debug|Any CPU.Build.0 = Debug|Any CPU
		{260E1321-B723-4BF4-B1F2-8411F8E4B879}.Release|Any CPU.ActiveCfg = Release|Any CPU
		{260E1321-B723-4BF4-B1F2-8411F8E4B879}.Release|Any CPU.Build.0 = Release|Any CPU
		{4204190C-B1A7-4AB6-9892-54624389598A}.Debug|Any CPU.ActiveCfg = Debug|Any CPU
		{4204190C-B1A7-4AB6-9892-54624389598A}.Debug|Any CPU.Build.0 = Debug|Any CPU
		{4204190C-B1A7-4AB6-9892-54624389598A}.Release|Any CPU.ActiveCfg = Release|Any CPU
		{4204190C-B1A7-4AB6-9892-54624389598A}.Release|Any CPU.Build.0 = Release|Any CPU
		{701906FC-561D-4F03-A999-54C0CBC12928}.Debug|Any CPU.ActiveCfg = Debug|Any CPU
		{701906FC-561D-4F03-A999-54C0CBC12928}.Debug|Any CPU.Build.0 = Debug|Any CPU
		{701906FC-561D-4F03-A999-54C0CBC12928}.Release|Any CPU.ActiveCfg = Release|Any CPU
		{701906FC-561D-4F03-A999-54C0CBC12928}.Release|Any CPU.Build.0 = Release|Any CPU
		{45F8382B-D067-495F-8203-472861CED532}.Debug|Any CPU.ActiveCfg = Debug|Any CPU
		{45F8382B-D067-495F-8203-472861CED532}.Debug|Any CPU.Build.0 = Debug|Any CPU
		{45F8382B-D067-495F-8203-472861CED532}.Release|Any CPU.ActiveCfg = Release|Any CPU
		{45F8382B-D067-495F-8203-472861CED532}.Release|Any CPU.Build.0 = Release|Any CPU
	EndGlobalSection
	GlobalSection(SolutionProperties) = preSolution
		HideSolutionNode = FALSE
	EndGlobalSection
	GlobalSection(NestedProjects) = preSolution
		{CB071B91-6FF1-44C0-A91F-360D999D228E} = {02EA681E-C7D8-13C7-8484-4AC65E1B71E8}
		{281147C4-64EE-4788-8FCF-F4165A3FC542} = {02EA681E-C7D8-13C7-8484-4AC65E1B71E8}
		{BE497C17-4F57-4D81-ADB0-5410F07562E4} = {02EA681E-C7D8-13C7-8484-4AC65E1B71E8}
		{CEFBE5F5-F841-4066-870D-F7318B244B34} = {A3778DEC-17F9-4E06-8040-662A8A99FE6B}
		{C51C16D4-29A5-43B1-8135-55FA6FD4ED04} = {A3778DEC-17F9-4E06-8040-662A8A99FE6B}
		{D718F2AE-3038-4418-BB22-9CC695967558} = {A3778DEC-17F9-4E06-8040-662A8A99FE6B}
		{36468BFC-9FEF-40A3-BBD1-C63E2D50B2BB} = {0A6BA21A-75CE-4DD7-B843-FFA983CEDF07}
		{B7490AD1-D768-4057-A0C5-566BBB78E164} = {0A6BA21A-75CE-4DD7-B843-FFA983CEDF07}
		{567D48E2-BE8C-47F3-AE7E-1C05A7309AC0} = {0A6BA21A-75CE-4DD7-B843-FFA983CEDF07}
		{50D01A79-44B5-4E78-9EE4-615A48311BDD} = {784ACAEE-E492-4042-B521-A9AB4A3089C9}
		{C11BD5CD-E823-47AE-9EF8-CF7068E92D91} = {784ACAEE-E492-4042-B521-A9AB4A3089C9}
		{794C3FBF-2E81-476E-BC2B-66FA11DF8283} = {784ACAEE-E492-4042-B521-A9AB4A3089C9}
		{D318FA40-FF6D-468F-A202-C76B08E56EA8} = {1DF5D750-3722-4E34-8D8E-67DD6562BAD7}
		{26D05985-EAA9-48DF-95D4-2A6033FCF9D3} = {1DF5D750-3722-4E34-8D8E-67DD6562BAD7}
		{26D893CC-3239-4DBA-81EA-0B9E85ADEA81} = {1DF5D750-3722-4E34-8D8E-67DD6562BAD7}
		{D7EEB867-4949-4F00-810F-C44A50703956} = {EF5CCE46-7910-4B46-9117-237FF6D2AE61}
		{FC629734-A328-49BB-86C7-DDFC99F14301} = {EF5CCE46-7910-4B46-9117-237FF6D2AE61}
		{C17A915E-D982-451B-A845-E41541C36F86} = {EF5CCE46-7910-4B46-9117-237FF6D2AE61}
		{0D0972CC-141F-4FB5-ACA9-70BFFBB9E44C} = {36B29B64-FA96-4503-896B-908450B26E58}
		{8C05A499-5A8F-4F0C-B9CD-1609B64E0B63} = {36B29B64-FA96-4503-896B-908450B26E58}
		{260E1321-B723-4BF4-B1F2-8411F8E4B879} = {36B29B64-FA96-4503-896B-908450B26E58}
		{4204190C-B1A7-4AB6-9892-54624389598A} = {AFE82347-85DF-4B5A-BF58-AC73F64EC115}
		{701906FC-561D-4F03-A999-54C0CBC12928} = {AFE82347-85DF-4B5A-BF58-AC73F64EC115}
		{45F8382B-D067-495F-8203-472861CED532} = {AFE82347-85DF-4B5A-BF58-AC73F64EC115}
	EndGlobalSection
	GlobalSection(ExtensibilityGlobals) = postSolution
		SolutionGuid = {825E796A-4B9C-4232-87A8-720192381A0B}
	EndGlobalSection
EndGlobal
